// !$*UTF8*$!
{
	archiveVersion = 1;
	classes = {
	};
	objectVersion = 50;
	objects = {

/* Begin PBXBuildFile section */
		3090E7A1233BE0320015D3E0 /* AppDelegate.swift in Sources */ = {isa = PBXBuildFile; fileRef = 3090E7A0233BE0320015D3E0 /* AppDelegate.swift */; };
		3090E7A3233BE0320015D3E0 /* ViewController.swift in Sources */ = {isa = PBXBuildFile; fileRef = 3090E7A2233BE0320015D3E0 /* ViewController.swift */; };
		3090E7A6233BE0320015D3E0 /* Main.storyboard in Resources */ = {isa = PBXBuildFile; fileRef = 3090E7A4233BE0320015D3E0 /* Main.storyboard */; };
		3090E7A8233BE0340015D3E0 /* Assets.xcassets in Resources */ = {isa = PBXBuildFile; fileRef = 3090E7A7233BE0340015D3E0 /* Assets.xcassets */; };
		3090E7AB233BE0340015D3E0 /* LaunchScreen.storyboard in Resources */ = {isa = PBXBuildFile; fileRef = 3090E7A9233BE0340015D3E0 /* LaunchScreen.storyboard */; };
		3090E7B6233BE0340015D3E0 /* ToDoCoreDataTests.swift in Sources */ = {isa = PBXBuildFile; fileRef = 3090E7B5233BE0340015D3E0 /* ToDoCoreDataTests.swift */; };
		3090E7C1233BE0340015D3E0 /* ToDoCoreDataUITests.swift in Sources */ = {isa = PBXBuildFile; fileRef = 3090E7C0233BE0340015D3E0 /* ToDoCoreDataUITests.swift */; };
/* End PBXBuildFile section */

/* Begin PBXContainerItemProxy section */
		3090E7B2233BE0340015D3E0 /* PBXContainerItemProxy */ = {
			isa = PBXContainerItemProxy;
			containerPortal = 3090E795233BE0320015D3E0 /* Project object */;
			proxyType = 1;
			remoteGlobalIDString = 3090E79C233BE0320015D3E0;
			remoteInfo = ToDoCoreData;
		};
		3090E7BD233BE0340015D3E0 /* PBXContainerItemProxy */ = {
			isa = PBXContainerItemProxy;
			containerPortal = 3090E795233BE0320015D3E0 /* Project object */;
			proxyType = 1;
			remoteGlobalIDString = 3090E79C233BE0320015D3E0;
			remoteInfo = ToDoCoreData;
		};
/* End PBXContainerItemProxy section */

/* Begin PBXFileReference section */
		3090E79D233BE0320015D3E0 /* ToDoCoreData.app */ = {isa = PBXFileReference; explicitFileType = wrapper.application; includeInIndex = 0; path = ToDoCoreData.app; sourceTree = BUILT_PRODUCTS_DIR; };
		3090E7A0233BE0320015D3E0 /* AppDelegate.swift */ = {isa = PBXFileReference; lastKnownFileType = sourcecode.swift; path = AppDelegate.swift; sourceTree = "<group>"; };
		3090E7A2233BE0320015D3E0 /* ViewController.swift */ = {isa = PBXFileReference; lastKnownFileType = sourcecode.swift; path = ViewController.swift; sourceTree = "<group>"; };
		3090E7A5233BE0320015D3E0 /* Base */ = {isa = PBXFileReference; lastKnownFileType = file.storyboard; name = Base; path = Base.lproj/Main.storyboard; sourceTree = "<group>"; };
		3090E7A7233BE0340015D3E0 /* Assets.xcassets */ = {isa = PBXFileReference; lastKnownFileType = folder.assetcatalog; path = Assets.xcassets; sourceTree = "<group>"; };
		3090E7AA233BE0340015D3E0 /* Base */ = {isa = PBXFileReference; lastKnownFileType = file.storyboard; name = Base; path = Base.lproj/LaunchScreen.storyboard; sourceTree = "<group>"; };
		3090E7AC233BE0340015D3E0 /* Info.plist */ = {isa = PBXFileReference; lastKnownFileType = text.plist.xml; path = Info.plist; sourceTree = "<group>"; };
		3090E7B1233BE0340015D3E0 /* ToDoCoreDataTests.xctest */ = {isa = PBXFileReference; explicitFileType = wrapper.cfbundle; includeInIndex = 0; path = ToDoCoreDataTests.xctest; sourceTree = BUILT_PRODUCTS_DIR; };
		3090E7B5233BE0340015D3E0 /* ToDoCoreDataTests.swift */ = {isa = PBXFileReference; lastKnownFileType = sourcecode.swift; path = ToDoCoreDataTests.swift; sourceTree = "<group>"; };
		3090E7B7233BE0340015D3E0 /* Info.plist */ = {isa = PBXFileReference; lastKnownFileType = text.plist.xml; path = Info.plist; sourceTree = "<group>"; };
		3090E7BC233BE0340015D3E0 /* ToDoCoreDataUITests.xctest */ = {isa = PBXFileReference; explicitFileType = wrapper.cfbundle; includeInIndex = 0; path = ToDoCoreDataUITests.xctest; sourceTree = BUILT_PRODUCTS_DIR; };
		3090E7C0233BE0340015D3E0 /* ToDoCoreDataUITests.swift */ = {isa = PBXFileReference; lastKnownFileType = sourcecode.swift; path = ToDoCoreDataUITests.swift; sourceTree = "<group>"; };
		3090E7C2233BE0340015D3E0 /* Info.plist */ = {isa = PBXFileReference; lastKnownFileType = text.plist.xml; path = Info.plist; sourceTree = "<group>"; };
/* End PBXFileReference section */

/* Begin PBXFrameworksBuildPhase section */
		3090E79A233BE0320015D3E0 /* Frameworks */ = {
			isa = PBXFrameworksBuildPhase;
			buildActionMask = 2147483647;
			files = (
			);
			runOnlyForDeploymentPostprocessing = 0;
		};
		3090E7AE233BE0340015D3E0 /* Frameworks */ = {
			isa = PBXFrameworksBuildPhase;
			buildActionMask = 2147483647;
			files = (
			);
			runOnlyForDeploymentPostprocessing = 0;
		};
		3090E7B9233BE0340015D3E0 /* Frameworks */ = {
			isa = PBXFrameworksBuildPhase;
			buildActionMask = 2147483647;
			files = (
			);
			runOnlyForDeploymentPostprocessing = 0;
		};
/* End PBXFrameworksBuildPhase section */

/* Begin PBXGroup section */
		3090E794233BE0320015D3E0 = {
			isa = PBXGroup;
			children = (
				3090E79F233BE0320015D3E0 /* ToDoCoreData */,
				3090E7B4233BE0340015D3E0 /* ToDoCoreDataTests */,
				3090E7BF233BE0340015D3E0 /* ToDoCoreDataUITests */,
				3090E79E233BE0320015D3E0 /* Products */,
			);
			sourceTree = "<group>";
		};
		3090E79E233BE0320015D3E0 /* Products */ = {
			isa = PBXGroup;
			children = (
				3090E79D233BE0320015D3E0 /* ToDoCoreData.app */,
				3090E7B1233BE0340015D3E0 /* ToDoCoreDataTests.xctest */,
				3090E7BC233BE0340015D3E0 /* ToDoCoreDataUITests.xctest */,
			);
			name = Products;
			sourceTree = "<group>";
		};
		3090E79F233BE0320015D3E0 /* ToDoCoreData */ = {
			isa = PBXGroup;
			children = (
				3090E7A0233BE0320015D3E0 /* AppDelegate.swift */,
				3090E7A2233BE0320015D3E0 /* ViewController.swift */,
				3090E7A4233BE0320015D3E0 /* Main.storyboard */,
				3090E7A7233BE0340015D3E0 /* Assets.xcassets */,
				3090E7A9233BE0340015D3E0 /* LaunchScreen.storyboard */,
				3090E7AC233BE0340015D3E0 /* Info.plist */,
			);
			path = ToDoCoreData;
			sourceTree = "<group>";
		};
		3090E7B4233BE0340015D3E0 /* ToDoCoreDataTests */ = {
			isa = PBXGroup;
			children = (
				3090E7B5233BE0340015D3E0 /* ToDoCoreDataTests.swift */,
				3090E7B7233BE0340015D3E0 /* Info.plist */,
			);
			path = ToDoCoreDataTests;
			sourceTree = "<group>";
		};
		3090E7BF233BE0340015D3E0 /* ToDoCoreDataUITests */ = {
			isa = PBXGroup;
			children = (
				3090E7C0233BE0340015D3E0 /* ToDoCoreDataUITests.swift */,
				3090E7C2233BE0340015D3E0 /* Info.plist */,
			);
			path = ToDoCoreDataUITests;
			sourceTree = "<group>";
		};
/* End PBXGroup section */

/* Begin PBXNativeTarget section */
		3090E79C233BE0320015D3E0 /* ToDoCoreData */ = {
			isa = PBXNativeTarget;
			buildConfigurationList = 3090E7C5233BE0340015D3E0 /* Build configuration list for PBXNativeTarget "ToDoCoreData" */;
			buildPhases = (
				3090E799233BE0320015D3E0 /* Sources */,
				3090E79A233BE0320015D3E0 /* Frameworks */,
				3090E79B233BE0320015D3E0 /* Resources */,
			);
			buildRules = (
			);
			dependencies = (
			);
			name = ToDoCoreData;
			productName = ToDoCoreData;
			productReference = 3090E79D233BE0320015D3E0 /* ToDoCoreData.app */;
			productType = "com.apple.product-type.application";
		};
		3090E7B0233BE0340015D3E0 /* ToDoCoreDataTests */ = {
			isa = PBXNativeTarget;
			buildConfigurationList = 3090E7C8233BE0340015D3E0 /* Build configuration list for PBXNativeTarget "ToDoCoreDataTests" */;
			buildPhases = (
				3090E7AD233BE0340015D3E0 /* Sources */,
				3090E7AE233BE0340015D3E0 /* Frameworks */,
				3090E7AF233BE0340015D3E0 /* Resources */,
			);
			buildRules = (
			);
			dependencies = (
				3090E7B3233BE0340015D3E0 /* PBXTargetDependency */,
			);
			name = ToDoCoreDataTests;
			productName = ToDoCoreDataTests;
			productReference = 3090E7B1233BE0340015D3E0 /* ToDoCoreDataTests.xctest */;
			productType = "com.apple.product-type.bundle.unit-test";
		};
		3090E7BB233BE0340015D3E0 /* ToDoCoreDataUITests */ = {
			isa = PBXNativeTarget;
			buildConfigurationList = 3090E7CB233BE0340015D3E0 /* Build configuration list for PBXNativeTarget "ToDoCoreDataUITests" */;
			buildPhases = (
				3090E7B8233BE0340015D3E0 /* Sources */,
				3090E7B9233BE0340015D3E0 /* Frameworks */,
				3090E7BA233BE0340015D3E0 /* Resources */,
			);
			buildRules = (
			);
			dependencies = (
				3090E7BE233BE0340015D3E0 /* PBXTargetDependency */,
			);
			name = ToDoCoreDataUITests;
			productName = ToDoCoreDataUITests;
			productReference = 3090E7BC233BE0340015D3E0 /* ToDoCoreDataUITests.xctest */;
			productType = "com.apple.product-type.bundle.ui-testing";
		};
/* End PBXNativeTarget section */

/* Begin PBXProject section */
		3090E795233BE0320015D3E0 /* Project object */ = {
			isa = PBXProject;
			attributes = {
				LastSwiftUpdateCheck = 1030;
				LastUpgradeCheck = 1030;
				ORGANIZATIONNAME = "ganesh padole";
				TargetAttributes = {
					3090E79C233BE0320015D3E0 = {
						CreatedOnToolsVersion = 10.3;
					};
					3090E7B0233BE0340015D3E0 = {
						CreatedOnToolsVersion = 10.3;
						TestTargetID = 3090E79C233BE0320015D3E0;
					};
					3090E7BB233BE0340015D3E0 = {
						CreatedOnToolsVersion = 10.3;
						TestTargetID = 3090E79C233BE0320015D3E0;
					};
				};
			};
			buildConfigurationList = 3090E798233BE0320015D3E0 /* Build configuration list for PBXProject "ToDoCoreData" */;
			compatibilityVersion = "Xcode 9.3";
			developmentRegion = en;
			hasScannedForEncodings = 0;
			knownRegions = (
				en,
				Base,
			);
			mainGroup = 3090E794233BE0320015D3E0;
			productRefGroup = 3090E79E233BE0320015D3E0 /* Products */;
			projectDirPath = "";
			projectRoot = "";
			targets = (
				3090E79C233BE0320015D3E0 /* ToDoCoreData */,
				3090E7B0233BE0340015D3E0 /* ToDoCoreDataTests */,
				3090E7BB233BE0340015D3E0 /* ToDoCoreDataUITests */,
			);
		};
/* End PBXProject section */

/* Begin PBXResourcesBuildPhase section */
		3090E79B233BE0320015D3E0 /* Resources */ = {
			isa = PBXResourcesBuildPhase;
			buildActionMask = 2147483647;
			files = (
				3090E7AB233BE0340015D3E0 /* LaunchScreen.storyboard in Resources */,
				3090E7A8233BE0340015D3E0 /* Assets.xcassets in Resources */,
				3090E7A6233BE0320015D3E0 /* Main.storyboard in Resources */,
			);
			runOnlyForDeploymentPostprocessing = 0;
		};
		3090E7AF233BE0340015D3E0 /* Resources */ = {
			isa = PBXResourcesBuildPhase;
			buildActionMask = 2147483647;
			files = (
			);
			runOnlyForDeploymentPostprocessing = 0;
		};
		3090E7BA233BE0340015D3E0 /* Resources */ = {
			isa = PBXResourcesBuildPhase;
			buildActionMask = 2147483647;
			files = (
			);
			runOnlyForDeploymentPostprocessing = 0;
		};
/* End PBXResourcesBuildPhase section */

/* Begin PBXSourcesBuildPhase section */
		3090E799233BE0320015D3E0 /* Sources */ = {
			isa = PBXSourcesBuildPhase;
			buildActionMask = 2147483647;
			files = (
				3090E7A3233BE0320015D3E0 /* ViewController.swift in Sources */,
				3090E7A1233BE0320015D3E0 /* AppDelegate.swift in Sources */,
			);
			runOnlyForDeploymentPostprocessing = 0;
		};
		3090E7AD233BE0340015D3E0 /* Sources */ = {
			isa = PBXSourcesBuildPhase;
			buildActionMask = 2147483647;
			files = (
				3090E7B6233BE0340015D3E0 /* ToDoCoreDataTests.swift in Sources */,
			);
			runOnlyForDeploymentPostprocessing = 0;
		};
		3090E7B8233BE0340015D3E0 /* Sources */ = {
			isa = PBXSourcesBuildPhase;
			buildActionMask = 2147483647;
			files = (
				3090E7C1233BE0340015D3E0 /* ToDoCoreDataUITests.swift in Sources */,
			);
			runOnlyForDeploymentPostprocessing = 0;
		};
/* End PBXSourcesBuildPhase section */

/* Begin PBXTargetDependency section */
		3090E7B3233BE0340015D3E0 /* PBXTargetDependency */ = {
			isa = PBXTargetDependency;
			target = 3090E79C233BE0320015D3E0 /* ToDoCoreData */;
			targetProxy = 3090E7B2233BE0340015D3E0 /* PBXContainerItemProxy */;
		};
		3090E7BE233BE0340015D3E0 /* PBXTargetDependency */ = {
			isa = PBXTargetDependency;
			target = 3090E79C233BE0320015D3E0 /* ToDoCoreData */;
			targetProxy = 3090E7BD233BE0340015D3E0 /* PBXContainerItemProxy */;
		};
/* End PBXTargetDependency section */

/* Begin PBXVariantGroup section */
		3090E7A4233BE0320015D3E0 /* Main.storyboard */ = {
			isa = PBXVariantGroup;
			children = (
				3090E7A5233BE0320015D3E0 /* Base */,
			);
			name = Main.storyboard;
			sourceTree = "<group>";
		};
		3090E7A9233BE0340015D3E0 /* LaunchScreen.storyboard */ = {
			isa = PBXVariantGroup;
			children = (
				3090E7AA233BE0340015D3E0 /* Base */,
			);
			name = LaunchScreen.storyboard;
			sourceTree = "<group>";
		};
/* End PBXVariantGroup section */

/* Begin XCBuildConfiguration section */
		3090E7C3233BE0340015D3E0 /* Debug */ = {
			isa = XCBuildConfiguration;
			buildSettings = {
				ALWAYS_SEARCH_USER_PATHS = NO;
				CLANG_ANALYZER_NONNULL = YES;
				CLANG_ANALYZER_NUMBER_OBJECT_CONVERSION = YES_AGGRESSIVE;
				CLANG_CXX_LANGUAGE_STANDARD = "gnu++14";
				CLANG_CXX_LIBRARY = "libc++";
				CLANG_ENABLE_MODULES = YES;
				CLANG_ENABLE_OBJC_ARC = YES;
				CLANG_ENABLE_OBJC_WEAK = YES;
				CLANG_WARN_BLOCK_CAPTURE_AUTORELEASING = YES;
				CLANG_WARN_BOOL_CONVERSION = YES;
				CLANG_WARN_COMMA = YES;
				CLANG_WARN_CONSTANT_CONVERSION = YES;
				CLANG_WARN_DEPRECATED_OBJC_IMPLEMENTATIONS = YES;
				CLANG_WARN_DIRECT_OBJC_ISA_USAGE = YES_ERROR;
				CLANG_WARN_DOCUMENTATION_COMMENTS = YES;
				CLANG_WARN_EMPTY_BODY = YES;
				CLANG_WARN_ENUM_CONVERSION = YES;
				CLANG_WARN_INFINITE_RECURSION = YES;
				CLANG_WARN_INT_CONVERSION = YES;
				CLANG_WARN_NON_LITERAL_NULL_CONVERSION = YES;
				CLANG_WARN_OBJC_IMPLICIT_RETAIN_SELF = YES;
				CLANG_WARN_OBJC_LITERAL_CONVERSION = YES;
				CLANG_WARN_OBJC_ROOT_CLASS = YES_ERROR;
				CLANG_WARN_RANGE_LOOP_ANALYSIS = YES;
				CLANG_WARN_STRICT_PROTOTYPES = YES;
				CLANG_WARN_SUSPICIOUS_MOVE = YES;
				CLANG_WARN_UNGUARDED_AVAILABILITY = YES_AGGRESSIVE;
				CLANG_WARN_UNREACHABLE_CODE = YES;
				CLANG_WARN__DUPLICATE_METHOD_MATCH = YES;
				CODE_SIGN_IDENTITY = "iPhone Developer";
				COPY_PHASE_STRIP = NO;
				DEBUG_INFORMATION_FORMAT = dwarf;
				ENABLE_STRICT_OBJC_MSGSEND = YES;
				ENABLE_TESTABILITY = YES;
				GCC_C_LANGUAGE_STANDARD = gnu11;
				GCC_DYNAMIC_NO_PIC = NO;
				GCC_NO_COMMON_BLOCKS = YES;
				GCC_OPTIMIZATION_LEVEL = 0;
				GCC_PREPROCESSOR_DEFINITIONS = (
					"DEBUG=1",
					"$(inherited)",
				);
				GCC_WARN_64_TO_32_BIT_CONVERSION = YES;
				GCC_WARN_ABOUT_RETURN_TYPE = YES_ERROR;
				GCC_WARN_UNDECLARED_SELECTOR = YES;
				GCC_WARN_UNINITIALIZED_AUTOS = YES_AGGRESSIVE;
				GCC_WARN_UNUSED_FUNCTION = YES;
				GCC_WARN_UNUSED_VARIABLE = YES;
				IPHONEOS_DEPLOYMENT_TARGET = 12.4;
				MTL_ENABLE_DEBUG_INFO = INCLUDE_SOURCE;
				MTL_FAST_MATH = YES;
				ONLY_ACTIVE_ARCH = YES;
				SDKROOT = iphoneos;
				SWIFT_ACTIVE_COMPILATION_CONDITIONS = DEBUG;
				SWIFT_OPTIMIZATION_LEVEL = "-Onone";
			};
			name = Debug;
		};
		3090E7C4233BE0340015D3E0 /* Release */ = {
			isa = XCBuildConfiguration;
			buildSettings = {
				ALWAYS_SEARCH_USER_PATHS = NO;
				CLANG_ANALYZER_NONNULL = YES;
				CLANG_ANALYZER_NUMBER_OBJECT_CONVERSION = YES_AGGRESSIVE;
				CLANG_CXX_LANGUAGE_STANDARD = "gnu++14";
				CLANG_CXX_LIBRARY = "libc++";
				CLANG_ENABLE_MODULES = YES;
				CLANG_ENABLE_OBJC_ARC = YES;
				CLANG_ENABLE_OBJC_WEAK = YES;
				CLANG_WARN_BLOCK_CAPTURE_AUTORELEASING = YES;
				CLANG_WARN_BOOL_CONVERSION = YES;
				CLANG_WARN_COMMA = YES;
				CLANG_WARN_CONSTANT_CONVERSION = YES;
				CLANG_WARN_DEPRECATED_OBJC_IMPLEMENTATIONS = YES;
				CLANG_WARN_DIRECT_OBJC_ISA_USAGE = YES_ERROR;
				CLANG_WARN_DOCUMENTATION_COMMENTS = YES;
				CLANG_WARN_EMPTY_BODY = YES;
				CLANG_WARN_ENUM_CONVERSION = YES;
				CLANG_WARN_INFINITE_RECURSION = YES;
				CLANG_WARN_INT_CONVERSION = YES;
				CLANG_WARN_NON_LITERAL_NULL_CONVERSION = YES;
				CLANG_WARN_OBJC_IMPLICIT_RETAIN_SELF = YES;
				CLANG_WARN_OBJC_LITERAL_CONVERSION = YES;
				CLANG_WARN_OBJC_ROOT_CLASS = YES_ERROR;
				CLANG_WARN_RANGE_LOOP_ANALYSIS = YES;
				CLANG_WARN_STRICT_PROTOTYPES = YES;
				CLANG_WARN_SUSPICIOUS_MOVE = YES;
				CLANG_WARN_UNGUARDED_AVAILABILITY = YES_AGGRESSIVE;
				CLANG_WARN_UNREACHABLE_CODE = YES;
				CLANG_WARN__DUPLICATE_METHOD_MATCH = YES;
				CODE_SIGN_IDENTITY = "iPhone Developer";
				COPY_PHASE_STRIP = NO;
				DEBUG_INFORMATION_FORMAT = "dwarf-with-dsym";
				ENABLE_NS_ASSERTIONS = NO;
				ENABLE_STRICT_OBJC_MSGSEND = YES;
				GCC_C_LANGUAGE_STANDARD = gnu11;
				GCC_NO_COMMON_BLOCKS = YES;
				GCC_WARN_64_TO_32_BIT_CONVERSION = YES;
				GCC_WARN_ABOUT_RETURN_TYPE = YES_ERROR;
				GCC_WARN_UNDECLARED_SELECTOR = YES;
				GCC_WARN_UNINITIALIZED_AUTOS = YES_AGGRESSIVE;
				GCC_WARN_UNUSED_FUNCTION = YES;
				GCC_WARN_UNUSED_VARIABLE = YES;
				IPHONEOS_DEPLOYMENT_TARGET = 12.4;
				MTL_ENABLE_DEBUG_INFO = NO;
				MTL_FAST_MATH = YES;
				SDKROOT = iphoneos;
				SWIFT_COMPILATION_MODE = wholemodule;
				SWIFT_OPTIMIZATION_LEVEL = "-O";
				VALIDATE_PRODUCT = YES;
			};
			name = Release;
		};
		3090E7C6233BE0340015D3E0 /* Debug */ = {
			isa = XCBuildConfiguration;
			buildSettings = {
				ASSETCATALOG_COMPILER_APPICON_NAME = AppIcon;
				CODE_SIGN_STYLE = Automatic;
				DEVELOPMENT_TEAM = 5828EJ5HNE;
				INFOPLIST_FILE = ToDoCoreData/Info.plist;
				LD_RUNPATH_SEARCH_PATHS = (
					"$(inherited)",
					"@executable_path/Frameworks",
				);
				PRODUCT_BUNDLE_IDENTIFIER = ganesh.com.ToDoCoreData;
				PRODUCT_NAME = "$(TARGET_NAME)";
				SWIFT_VERSION = 5.0;
				TARGETED_DEVICE_FAMILY = "1,2";
			};
			name = Debug;
		};
		3090E7C7233BE0340015D3E0 /* Release */ = {
			isa = XCBuildConfiguration;
			buildSettings = {
				ASSETCATALOG_COMPILER_APPICON_NAME = AppIcon;
				CODE_SIGN_STYLE = Automatic;
				DEVELOPMENT_TEAM = 5828EJ5HNE;
				INFOPLIST_FILE = ToDoCoreData/Info.plist;
				LD_RUNPATH_SEARCH_PATHS = (
					"$(inherited)",
					"@executable_path/Frameworks",
				);
				PRODUCT_BUNDLE_IDENTIFIER = ganesh.com.ToDoCoreData;
				PRODUCT_NAME = "$(TARGET_NAME)";
				SWIFT_VERSION = 5.0;
				TARGETED_DEVICE_FAMILY = "1,2";
			};
			name = Release;
		};
		3090E7C9233BE0340015D3E0 /* Debug */ = {
			isa = XCBuildConfiguration;
			buildSettings = {
				ALWAYS_EMBED_SWIFT_STANDARD_LIBRARIES = YES;
				BUNDLE_LOADER = "$(TEST_HOST)";
				CODE_SIGN_STYLE = Automatic;
				DEVELOPMENT_TEAM = 5828EJ5HNE;
				INFOPLIST_FILE = ToDoCoreDataTests/Info.plist;
				LD_RUNPATH_SEARCH_PATHS = (
					"$(inherited)",
					"@executable_path/Frameworks",
					"@loader_path/Frameworks",
				);
				PRODUCT_BUNDLE_IDENTIFIER = ganesh.com.ToDoCoreDataTests;
				PRODUCT_NAME = "$(TARGET_NAME)";
				SWIFT_VERSION = 5.0;
				TARGETED_DEVICE_FAMILY = "1,2";
				TEST_HOST = "$(BUILT_PRODUCTS_DIR)/ToDoCoreData.app/ToDoCoreData";
			};
			name = Debug;
		};
		3090E7CA233BE0340015D3E0 /* Release */ = {
			isa = XCBuildConfiguration;
			buildSettings = {
				ALWAYS_EMBED_SWIFT_STANDARD_LIBRARIES = YES;
				BUNDLE_LOADER = "$(TEST_HOST)";
				CODE_SIGN_STYLE = Automatic;
				DEVELOPMENT_TEAM = 5828EJ5HNE;
				INFOPLIST_FILE = ToDoCoreDataTests/Info.plist;
				LD_RUNPATH_SEARCH_PATHS = (
					"$(inherited)",
					"@executable_path/Frameworks",
					"@loader_path/Frameworks",
				);
				PRODUCT_BUNDLE_IDENTIFIER = ganesh.com.ToDoCoreDataTests;
				PRODUCT_NAME = "$(TARGET_NAME)";
				SWIFT_VERSION = 5.0;
				TARGETED_DEVICE_FAMILY = "1,2";
				TEST_HOST = "$(BUILT_PRODUCTS_DIR)/ToDoCoreData.app/ToDoCoreData";
			};
			name = Release;
		};
		3090E7CC233BE0340015D3E0 /* Debug */ = {
			isa = XCBuildConfiguration;
			buildSettings = {
				ALWAYS_EMBED_SWIFT_STANDARD_LIBRARIES = YES;
				CODE_SIGN_STYLE = Automatic;
				DEVELOPMENT_TEAM = 5828EJ5HNE;
				INFOPLIST_FILE = ToDoCoreDataUITests/Info.plist;
				LD_RUNPATH_SEARCH_PATHS = (
					"$(inherited)",
					"@executable_path/Frameworks",
					"@loader_path/Frameworks",
				);
				PRODUCT_BUNDLE_IDENTIFIER = ganesh.com.ToDoCoreDataUITests;
				PRODUCT_NAME = "$(TARGET_NAME)";
				SWIFT_VERSION = 5.0;
				TARGETED_DEVICE_FAMILY = "1,2";
				TEST_TARGET_NAME = ToDoCoreData;
			};
			name = Debug;
		};
		3090E7CD233BE0340015D3E0 /* Release */ = {
			isa = XCBuildConfiguration;
			buildSettings = {
				ALWAYS_EMBED_SWIFT_STANDARD_LIBRARIES = YES;
				CODE_SIGN_STYLE = Automatic;
				DEVELOPMENT_TEAM = 5828EJ5HNE;
				INFOPLIST_FILE = ToDoCoreDataUITests/Info.plist;
				LD_RUNPATH_SEARCH_PATHS = (
					"$(inherited)",
					"@executable_path/Frameworks",
					"@loader_path/Frameworks",
				);
				PRODUCT_BUNDLE_IDENTIFIER = ganesh.com.ToDoCoreDataUITests;
				PRODUCT_NAME = "$(TARGET_NAME)";
				SWIFT_VERSION = 5.0;
				TARGETED_DEVICE_FAMILY = "1,2";
				TEST_TARGET_NAME = ToDoCoreData;
			};
			name = Release;
		};
/* End XCBuildConfiguration section */

/* Begin XCConfigurationList section */
		3090E798233BE0320015D3E0 /* Build configuration list for PBXProject "ToDoCoreData" */ = {
			isa = XCConfigurationList;
			buildConfigurations = (
				3090E7C3233BE0340015D3E0 /* Debug */,
				3090E7C4233BE0340015D3E0 /* Release */,
			);
			defaultConfigurationIsVisible = 0;
			defaultConfigurationName = Release;
		};
		3090E7C5233BE0340015D3E0 /* Build configuration list for PBXNativeTarget "ToDoCoreData" */ = {
			isa = XCConfigurationList;
			buildConfigurations = (
				3090E7C6233BE0340015D3E0 /* Debug */,
				3090E7C7233BE0340015D3E0 /* Release */,
			);
			defaultConfigurationIsVisible = 0;
			defaultConfigurationName = Release;
		};
		3090E7C8233BE0340015D3E0 /* Build configuration list for PBXNativeTarget "ToDoCoreDataTests" */ = {
			isa = XCConfigurationList;
			buildConfigurations = (
				3090E7C9233BE0340015D3E0 /* Debug */,
				3090E7CA233BE0340015D3E0 /* Release */,
			);
			defaultConfigurationIsVisible = 0;
			defaultConfigurationName = Release;
		};
		3090E7CB233BE0340015D3E0 /* Build configuration list for PBXNativeTarget "ToDoCoreDataUITests" */ = {
			isa = XCConfigurationList;
			buildConfigurations = (
				3090E7CC233BE0340015D3E0 /* Debug */,
				3090E7CD233BE0340015D3E0 /* Release */,
			);
			defaultConfigurationIsVisible = 0;
			defaultConfigurationName = Release;
		};
/* End XCConfigurationList section */
	};
	rootObject = 3090E795233BE0320015D3E0 /* Project object */;
}
